Microsoft Visual Studio Solution File, Format Version 12.00
# Visual Studio 15
VisualStudioVersion = 15.0.28010.2019
MinimumVisualStudioVersion = 10.0.40219.1
Project("{FAE04EC0-301F-11D3-BF4B-00C04F79EFBC}") = "WTONewProject.Android", "WTONewProject.Android\WTONewProject.Android.csproj", "{A7E66E6E-96D2-4D7E-940A-44239D7F69A2}"
EndProject
Project("{FAE04EC0-301F-11D3-BF4B-00C04F79EFBC}") = "WTONewProject.iOS", "WTONewProject.iOS\WTONewProject.iOS.csproj", "{EA1EBED6-7ECA-4125-95C1-51B95818611F}"
EndProject
Project("{FAE04EC0-301F-11D3-BF4B-00C04F79EFBC}") = "WTONewProject.UITests", "WTONewProject.UITests\WTONewProject.UITests.csproj", "{B19C892E-2628-4CA7-AD27-08D406A3B14B}"
EndProject
Project("{9A19103F-16F7-4668-BE54-9A1E7A4F7556}") = "WTONewProject", "WTONewProject\WTONewProject.csproj", "{9E68BD33-A8D6-4C08-9087-A69911B079EB}"
EndProject
Project("{FAE04EC0-301F-11D3-BF4B-00C04F79EFBC}") = "JPush.Binding.iOS", "JPush.Binding.iOS\JPush.Binding.iOS.csproj", "{DB94A3C5-03ED-42C3-BAC9-5598A20DB94A}"
EndProject
Project("{FAE04EC0-301F-11D3-BF4B-00C04F79EFBC}") = "JPush.Binding.Droid", "JPush.Binding.Droid\JPush.Binding.Droid.csproj", "{50B3B091-97A7-4275-99E9-EE94AEB9D689}"
EndProject
Global
	GlobalSection(SolutionConfigurationPlatforms) = preSolution
		Ad-Hoc|Any CPU = Ad-Hoc|Any CPU
		Ad-Hoc|iPhone = Ad-Hoc|iPhone
		Ad-Hoc|iPhoneSimulator = Ad-Hoc|iPhoneSimulator
		AppStore|Any CPU = AppStore|Any CPU
		AppStore|iPhone = AppStore|iPhone
		AppStore|iPhoneSimulator = AppStore|iPhoneSimulator
		Debug|Any CPU = Debug|Any CPU
		Debug|iPhone = Debug|iPhone
		Debug|iPhoneSimulator = Debug|iPhoneSimulator
		Release|Any CPU = Release|Any CPU
		Release|iPhone = Release|iPhone
		Release|iPhoneSimulator = Release|iPhoneSimulator
	EndGlobalSection
	GlobalSection(ProjectConfigurationPlatforms) = postSolution
		{A7E66E6E-96D2-4D7E-940A-44239D7F69A2}.Ad-Hoc|Any CPU.ActiveCfg = Release|Any CPU
		{A7E66E6E-96D2-4D7E-940A-44239D7F69A2}.Ad-Hoc|Any CPU.Build.0 = Release|Any CPU
		{A7E66E6E-96D2-4D7E-940A-44239D7F69A2}.Ad-Hoc|Any CPU.Deploy.0 = Release|Any CPU
		{A7E66E6E-96D2-4D7E-940A-44239D7F69A2}.Ad-Hoc|iPhone.ActiveCfg = Debug|Any CPU
		{A7E66E6E-96D2-4D7E-940A-44239D7F69A2}.Ad-Hoc|iPhone.Build.0 = Debug|Any CPU
		{A7E66E6E-96D2-4D7E-940A-44239D7F69A2}.Ad-Hoc|iPhoneSimulator.ActiveCfg = Release|Any CPU
		{A7E66E6E-96D2-4D7E-940A-44239D7F69A2}.Ad-Hoc|iPhoneSimulator.Build.0 = Release|Any CPU
		{A7E66E6E-96D2-4D7E-940A-44239D7F69A2}.Ad-Hoc|iPhoneSimulator.Deploy.0 = Release|Any CPU
		{A7E66E6E-96D2-4D7E-940A-44239D7F69A2}.AppStore|Any CPU.ActiveCfg = Release|Any CPU
		{A7E66E6E-96D2-4D7E-940A-44239D7F69A2}.AppStore|Any CPU.Build.0 = Release|Any CPU
		{A7E66E6E-96D2-4D7E-940A-44239D7F69A2}.AppStore|Any CPU.Deploy.0 = Release|Any CPU
		{A7E66E6E-96D2-4D7E-940A-44239D7F69A2}.AppStore|iPhone.ActiveCfg = Debug|Any CPU
		{A7E66E6E-96D2-4D7E-940A-44239D7F69A2}.AppStore|iPhone.Build.0 = Debug|Any CPU
		{A7E66E6E-96D2-4D7E-940A-44239D7F69A2}.AppStore|iPhoneSimulator.ActiveCfg = Release|Any CPU
		{A7E66E6E-96D2-4D7E-940A-44239D7F69A2}.AppStore|iPhoneSimulator.Build.0 = Release|Any CPU
		{A7E66E6E-96D2-4D7E-940A-44239D7F69A2}.AppStore|iPhoneSimulator.Deploy.0 = Release|Any CPU
		{A7E66E6E-96D2-4D7E-940A-44239D7F69A2}.Debug|Any CPU.ActiveCfg = Debug|Any CPU
		{A7E66E6E-96D2-4D7E-940A-44239D7F69A2}.Debug|Any CPU.Build.0 = Debug|Any CPU
		{A7E66E6E-96D2-4D7E-940A-44239D7F69A2}.Debug|Any CPU.Deploy.0 = Debug|Any CPU
		{A7E66E6E-96D2-4D7E-940A-44239D7F69A2}.Debug|iPhone.ActiveCfg = Debug|Any CPU
		{A7E66E6E-96D2-4D7E-940A-44239D7F69A2}.Debug|iPhone.Build.0 = Debug|Any CPU
		{A7E66E6E-96D2-4D7E-940A-44239D7F69A2}.Debug|iPhoneSimulator.ActiveCfg = Debug|Any CPU
		{A7E66E6E-96D2-4D7E-940A-44239D7F69A2}.Debug|iPhoneSimulator.Build.0 = Debug|Any CPU
		{A7E66E6E-96D2-4D7E-940A-44239D7F69A2}.Release|Any CPU.ActiveCfg = Release|Any CPU
		{A7E66E6E-96D2-4D7E-940A-44239D7F69A2}.Release|Any CPU.Build.0 = Release|Any CPU
		{A7E66E6E-96D2-4D7E-940A-44239D7F69A2}.Release|Any CPU.Deploy.0 = Release|Any CPU
		{A7E66E6E-96D2-4D7E-940A-44239D7F69A2}.Release|iPhone.ActiveCfg = Release|Any CPU
		{A7E66E6E-96D2-4D7E-940A-44239D7F69A2}.Release|iPhone.Build.0 = Release|Any CPU
		{A7E66E6E-96D2-4D7E-940A-44239D7F69A2}.Release|iPhoneSimulator.ActiveCfg = Release|Any CPU
		{A7E66E6E-96D2-4D7E-940A-44239D7F69A2}.Release|iPhoneSimulator.Build.0 = Release|Any CPU
		{EA1EBED6-7ECA-4125-95C1-51B95818611F}.Ad-Hoc|Any CPU.ActiveCfg = Ad-Hoc|iPhoneSimulator
		{EA1EBED6-7ECA-4125-95C1-51B95818611F}.Ad-Hoc|iPhone.ActiveCfg = Ad-Hoc|iPhone
		{EA1EBED6-7ECA-4125-95C1-51B95818611F}.Ad-Hoc|iPhone.Build.0 = Ad-Hoc|iPhone
		{EA1EBED6-7ECA-4125-95C1-51B95818611F}.Ad-Hoc|iPhoneSimulator.ActiveCfg = Ad-Hoc|iPhoneSimulator
		{EA1EBED6-7ECA-4125-95C1-51B95818611F}.Ad-Hoc|iPhoneSimulator.Build.0 = Ad-Hoc|iPhoneSimulator
		{EA1EBED6-7ECA-4125-95C1-51B95818611F}.AppStore|Any CPU.ActiveCfg = AppStore|iPhoneSimulator
		{EA1EBED6-7ECA-4125-95C1-51B95818611F}.AppStore|iPhone.ActiveCfg = AppStore|iPhone
		{EA1EBED6-7ECA-4125-95C1-51B95818611F}.AppStore|iPhone.Build.0 = AppStore|iPhone
		{EA1EBED6-7ECA-4125-95C1-51B95818611F}.AppStore|iPhoneSimulator.ActiveCfg = AppStore|iPhoneSimulator
		{EA1EBED6-7ECA-4125-95C1-51B95818611F}.AppStore|iPhoneSimulator.Build.0 = AppStore|iPhoneSimulator
		{EA1EBED6-7ECA-4125-95C1-51B95818611F}.Debug|Any CPU.ActiveCfg = Debug|iPhoneSimulator
		{EA1EBED6-7ECA-4125-95C1-51B95818611F}.Debug|Any CPU.Build.0 = Debug|iPhoneSimulator
		{EA1EBED6-7ECA-4125-95C1-51B95818611F}.Debug|iPhone.ActiveCfg = Debug|iPhone
		{EA1EBED6-7ECA-4125-95C1-51B95818611F}.Debug|iPhone.Build.0 = Debug|iPhone
		{EA1EBED6-7ECA-4125-95C1-51B95818611F}.Debug|iPhoneSimulator.ActiveCfg = Debug|iPhoneSimulator
		{EA1EBED6-7ECA-4125-95C1-51B95818611F}.Debug|iPhoneSimulator.Build.0 = Debug|iPhoneSimulator
		{EA1EBED6-7ECA-4125-95C1-51B95818611F}.Release|Any CPU.ActiveCfg = Release|iPhoneSimulator
		{EA1EBED6-7ECA-4125-95C1-51B95818611F}.Release|Any CPU.Build.0 = Release|iPhoneSimulator
		{EA1EBED6-7ECA-4125-95C1-51B95818611F}.Release|iPhone.ActiveCfg = Release|iPhone
		{EA1EBED6-7ECA-4125-95C1-51B95818611F}.Release|iPhone.Build.0 = Release|iPhone
		{EA1EBED6-7ECA-4125-95C1-51B95818611F}.Release|iPhoneSimulator.ActiveCfg = Release|iPhoneSimulator
		{EA1EBED6-7ECA-4125-95C1-51B95818611F}.Release|iPhoneSimulator.Build.0 = Release|iPhoneSimulator
		{B19C892E-2628-4CA7-AD27-08D406A3B14B}.Ad-Hoc|Any CPU.ActiveCfg = Release|Any CPU
		{B19C892E-2628-4CA7-AD27-08D406A3B14B}.Ad-Hoc|Any CPU.Build.0 = Release|Any CPU
		{B19C892E-2628-4CA7-AD27-08D406A3B14B}.Ad-Hoc|iPhone.ActiveCfg = Debug|Any CPU
		{B19C892E-2628-4CA7-AD27-08D406A3B14B}.Ad-Hoc|iPhone.Build.0 = Debug|Any CPU
		{B19C892E-2628-4CA7-AD27-08D406A3B14B}.Ad-Hoc|iPhoneSimulator.ActiveCfg = Release|Any CPU
		{B19C892E-2628-4CA7-AD27-08D406A3B14B}.Ad-Hoc|iPhoneSimulator.Build.0 = Release|Any CPU
		{B19C892E-2628-4CA7-AD27-08D406A3B14B}.AppStore|Any CPU.ActiveCfg = Release|Any CPU
		{B19C892E-2628-4CA7-AD27-08D406A3B14B}.AppStore|Any CPU.Build.0 = Release|Any CPU
		{B19C892E-2628-4CA7-AD27-08D406A3B14B}.AppStore|iPhone.ActiveCfg = Debug|Any CPU
		{B19C892E-2628-4CA7-AD27-08D406A3B14B}.AppStore|iPhone.Build.0 = Debug|Any CPU
		{B19C892E-2628-4CA7-AD27-08D406A3B14B}.AppStore|iPhoneSimulator.ActiveCfg = Release|Any CPU
		{B19C892E-2628-4CA7-AD27-08D406A3B14B}.AppStore|iPhoneSimulator.Build.0 = Release|Any CPU
		{B19C892E-2628-4CA7-AD27-08D406A3B14B}.Debug|Any CPU.ActiveCfg = Debug|Any CPU
		{B19C892E-2628-4CA7-AD27-08D406A3B14B}.Debug|Any CPU.Build.0 = Debug|Any CPU
		{B19C892E-2628-4CA7-AD27-08D406A3B14B}.Debug|iPhone.ActiveCfg = Debug|Any CPU
		{B19C892E-2628-4CA7-AD27-08D406A3B14B}.Debug|iPhone.Build.0 = Debug|Any CPU
		{B19C892E-2628-4CA7-AD27-08D406A3B14B}.Debug|iPhoneSimulator.ActiveCfg = Debug|Any CPU
		{B19C892E-2628-4CA7-AD27-08D406A3B14B}.Debug|iPhoneSimulator.Build.0 = Debug|Any CPU
		{B19C892E-2628-4CA7-AD27-08D406A3B14B}.Release|Any CPU.ActiveCfg = Release|Any CPU
		{B19C892E-2628-4CA7-AD27-08D406A3B14B}.Release|Any CPU.Build.0 = Release|Any CPU
		{B19C892E-2628-4CA7-AD27-08D406A3B14B}.Release|iPhone.ActiveCfg = Release|Any CPU
		{B19C892E-2628-4CA7-AD27-08D406A3B14B}.Release|iPhone.Build.0 = Release|Any CPU
		{B19C892E-2628-4CA7-AD27-08D406A3B14B}.Release|iPhoneSimulator.ActiveCfg = Release|Any CPU
		{B19C892E-2628-4CA7-AD27-08D406A3B14B}.Release|iPhoneSimulator.Build.0 = Release|Any CPU
		{9E68BD33-A8D6-4C08-9087-A69911B079EB}.Ad-Hoc|Any CPU.ActiveCfg = Release|Any CPU
		{9E68BD33-A8D6-4C08-9087-A69911B079EB}.Ad-Hoc|Any CPU.Build.0 = Release|Any CPU
		{9E68BD33-A8D6-4C08-9087-A69911B079EB}.Ad-Hoc|iPhone.ActiveCfg = Debug|Any CPU
		{9E68BD33-A8D6-4C08-9087-A69911B079EB}.Ad-Hoc|iPhone.Build.0 = Debug|Any CPU
		{9E68BD33-A8D6-4C08-9087-A69911B079EB}.Ad-Hoc|iPhoneSimulator.ActiveCfg = Release|Any CPU
		{9E68BD33-A8D6-4C08-9087-A69911B079EB}.Ad-Hoc|iPhoneSimulator.Build.0 = Release|Any CPU
		{9E68BD33-A8D6-4C08-9087-A69911B079EB}.AppStore|Any CPU.ActiveCfg = Release|Any CPU
		{9E68BD33-A8D6-4C08-9087-A69911B079EB}.AppStore|Any CPU.Build.0 = Release|Any CPU
		{9E68BD33-A8D6-4C08-9087-A69911B079EB}.AppStore|iPhone.ActiveCfg = Debug|Any CPU
		{9E68BD33-A8D6-4C08-9087-A69911B079EB}.AppStore|iPhone.Build.0 = Debug|Any CPU
		{9E68BD33-A8D6-4C08-9087-A69911B079EB}.AppStore|iPhoneSimulator.ActiveCfg = Release|Any CPU
		{9E68BD33-A8D6-4C08-9087-A69911B079EB}.AppStore|iPhoneSimulator.Build.0 = Release|Any CPU
		{9E68BD33-A8D6-4C08-9087-A69911B079EB}.Debug|Any CPU.ActiveCfg = Debug|Any CPU
		{9E68BD33-A8D6-4C08-9087-A69911B079EB}.Debug|Any CPU.Build.0 = Debug|Any CPU
		{9E68BD33-A8D6-4C08-9087-A69911B079EB}.Debug|iPhone.ActiveCfg = Debug|Any CPU
		{9E68BD33-A8D6-4C08-9087-A69911B079EB}.Debug|iPhone.Build.0 = Debug|Any CPU
		{9E68BD33-A8D6-4C08-9087-A69911B079EB}.Debug|iPhoneSimulator.ActiveCfg = Debug|Any CPU
		{9E68BD33-A8D6-4C08-9087-A69911B079EB}.Debug|iPhoneSimulator.Build.0 = Debug|Any CPU
		{9E68BD33-A8D6-4C08-9087-A69911B079EB}.Release|Any CPU.ActiveCfg = Release|Any CPU
		{9E68BD33-A8D6-4C08-9087-A69911B079EB}.Release|Any CPU.Build.0 = Release|Any CPU
		{9E68BD33-A8D6-4C08-9087-A69911B079EB}.Release|iPhone.ActiveCfg = Release|Any CPU
		{9E68BD33-A8D6-4C08-9087-A69911B079EB}.Release|iPhone.Build.0 = Release|Any CPU
		{9E68BD33-A8D6-4C08-9087-A69911B079EB}.Release|iPhoneSimulator.ActiveCfg = Release|Any CPU
		{9E68BD33-A8D6-4C08-9087-A69911B079EB}.Release|iPhoneSimulator.Build.0 = Release|Any CPU
		{DB94A3C5-03ED-42C3-BAC9-5598A20DB94A}.Ad-Hoc|Any CPU.ActiveCfg = Release|Any CPU
		{DB94A3C5-03ED-42C3-BAC9-5598A20DB94A}.Ad-Hoc|Any CPU.Build.0 = Release|Any CPU
		{DB94A3C5-03ED-42C3-BAC9-5598A20DB94A}.Ad-Hoc|iPhone.ActiveCfg = Release|Any CPU
		{DB94A3C5-03ED-42C3-BAC9-5598A20DB94A}.Ad-Hoc|iPhone.Build.0 = Release|Any CPU
		{DB94A3C5-03ED-42C3-BAC9-5598A20DB94A}.Ad-Hoc|iPhoneSimulator.ActiveCfg = Release|Any CPU
		{DB94A3C5-03ED-42C3-BAC9-5598A20DB94A}.Ad-Hoc|iPhoneSimulator.Build.0 = Release|Any CPU
		{DB94A3C5-03ED-42C3-BAC9-5598A20DB94A}.AppStore|Any CPU.ActiveCfg = Release|Any CPU
		{DB94A3C5-03ED-42C3-BAC9-5598A20DB94A}.AppStore|Any CPU.Build.0 = Release|Any CPU
		{DB94A3C5-03ED-42C3-BAC9-5598A20DB94A}.AppStore|iPhone.ActiveCfg = Release|Any CPU
		{DB94A3C5-03ED-42C3-BAC9-5598A20DB94A}.AppStore|iPhone.Build.0 = Release|Any CPU
		{DB94A3C5-03ED-42C3-BAC9-5598A20DB94A}.AppStore|iPhoneSimulator.ActiveCfg = Release|Any CPU
		{DB94A3C5-03ED-42C3-BAC9-5598A20DB94A}.AppStore|iPhoneSimulator.Build.0 = Release|Any CPU
		{DB94A3C5-03ED-42C3-BAC9-5598A20DB94A}.Debug|Any CPU.ActiveCfg = Debug|Any CPU
		{DB94A3C5-03ED-42C3-BAC9-5598A20DB94A}.Debug|Any CPU.Build.0 = Debug|Any CPU
		{DB94A3C5-03ED-42C3-BAC9-5598A20DB94A}.Debug|iPhone.ActiveCfg = Debug|Any CPU
		{DB94A3C5-03ED-42C3-BAC9-5598A20DB94A}.Debug|iPhone.Build.0 = Debug|Any CPU
		{DB94A3C5-03ED-42C3-BAC9-5598A20DB94A}.Debug|iPhoneSimulator.ActiveCfg = Debug|Any CPU
		{DB94A3C5-03ED-42C3-BAC9-5598A20DB94A}.Debug|iPhoneSimulator.Build.0 = Debug|Any CPU
		{DB94A3C5-03ED-42C3-BAC9-5598A20DB94A}.Release|Any CPU.ActiveCfg = Release|Any CPU
		{DB94A3C5-03ED-42C3-BAC9-5598A20DB94A}.Release|Any CPU.Build.0 = Release|Any CPU
		{DB94A3C5-03ED-42C3-BAC9-5598A20DB94A}.Release|iPhone.ActiveCfg = Release|Any CPU
		{DB94A3C5-03ED-42C3-BAC9-5598A20DB94A}.Release|iPhone.Build.0 = Release|Any CPU
		{DB94A3C5-03ED-42C3-BAC9-5598A20DB94A}.Release|iPhoneSimulator.ActiveCfg = Release|Any CPU
		{DB94A3C5-03ED-42C3-BAC9-5598A20DB94A}.Release|iPhoneSimulator.Build.0 = Release|Any CPU
		{50B3B091-97A7-4275-99E9-EE94AEB9D689}.Ad-Hoc|Any CPU.ActiveCfg = Release|Any CPU
		{50B3B091-97A7-4275-99E9-EE94AEB9D689}.Ad-Hoc|Any CPU.Build.0 = Release|Any CPU
		{50B3B091-97A7-4275-99E9-EE94AEB9D689}.Ad-Hoc|iPhone.ActiveCfg = Release|Any CPU
		{50B3B091-97A7-4275-99E9-EE94AEB9D689}.Ad-Hoc|iPhone.Build.0 = Release|Any CPU
		{50B3B091-97A7-4275-99E9-EE94AEB9D689}.Ad-Hoc|iPhoneSimulator.ActiveCfg = Release|Any CPU
		{50B3B091-97A7-4275-99E9-EE94AEB9D689}.Ad-Hoc|iPhoneSimulator.Build.0 = Release|Any CPU
		{50B3B091-97A7-4275-99E9-EE94AEB9D689}.AppStore|Any CPU.ActiveCfg = Release|Any CPU
		{50B3B091-97A7-4275-99E9-EE94AEB9D689}.AppStore|Any CPU.Build.0 = Release|Any CPU
		{50B3B091-97A7-4275-99E9-EE94AEB9D689}.AppStore|iPhone.ActiveCfg = Release|Any CPU
		{50B3B091-97A7-4275-99E9-EE94AEB9D689}.AppStore|iPhone.Build.0 = Release|Any CPU
		{50B3B091-97A7-4275-99E9-EE94AEB9D689}.AppStore|iPhoneSimulator.ActiveCfg = Release|Any CPU
		{50B3B091-97A7-4275-99E9-EE94AEB9D689}.AppStore|iPhoneSimulator.Build.0 = Release|Any CPU
		{50B3B091-97A7-4275-99E9-EE94AEB9D689}.Debug|Any CPU.ActiveCfg = Debug|Any CPU
		{50B3B091-97A7-4275-99E9-EE94AEB9D689}.Debug|Any CPU.Build.0 = Debug|Any CPU
		{50B3B091-97A7-4275-99E9-EE94AEB9D689}.Debug|iPhone.ActiveCfg = Debug|Any CPU
		{50B3B091-97A7-4275-99E9-EE94AEB9D689}.Debug|iPhone.Build.0 = Debug|Any CPU
		{50B3B091-97A7-4275-99E9-EE94AEB9D689}.Debug|iPhoneSimulator.ActiveCfg = Debug|Any CPU
		{50B3B091-97A7-4275-99E9-EE94AEB9D689}.Debug|iPhoneSimulator.Build.0 = Debug|Any CPU
		{50B3B091-97A7-4275-99E9-EE94AEB9D689}.Release|Any CPU.ActiveCfg = Release|Any CPU
		{50B3B091-97A7-4275-99E9-EE94AEB9D689}.Release|Any CPU.Build.0 = Release|Any CPU
		{50B3B091-97A7-4275-99E9-EE94AEB9D689}.Release|iPhone.ActiveCfg = Release|Any CPU
		{50B3B091-97A7-4275-99E9-EE94AEB9D689}.Release|iPhone.Build.0 = Release|Any CPU
		{50B3B091-97A7-4275-99E9-EE94AEB9D689}.Release|iPhoneSimulator.ActiveCfg = Release|Any CPU
		{50B3B091-97A7-4275-99E9-EE94AEB9D689}.Release|iPhoneSimulator.Build.0 = Release|Any CPU
	EndGlobalSection
	GlobalSection(SolutionProperties) = preSolution
		HideSolutionNode = FALSE
	EndGlobalSection
	GlobalSection(ExtensibilityGlobals) = postSolution
		SolutionGuid = {2DFF7502-B11C-4C88-B5C7-E5E2C2A4BB60}
	EndGlobalSection
EndGlobal
